
Microsoft Visual Studio Solution File, Format Version 11.00
# Visual Studio 2010
Project("{FAE04EC0-301F-11D3-BF4B-00C04F79EFBC}") = "Squish", "Squish\Squish.csproj", "{5617B119-1FCC-4A3B-92FB-04A98C806A7D}"
EndProject
Project("{FAE04EC0-301F-11D3-BF4B-00C04F79EFBC}") = "Tests", "Tests\Tests.csproj", "{8A140CEB-A07C-4F6F-BF9F-DED32F5E1540}"
EndProject
Project("{2150E333-8FDC-42A3-9474-1A3956D46DE8}") = "Solution Items", "Solution Items", "{B38C2255-6120-4654-A3BF-31E8DD928302}"
	ProjectSection(SolutionItems) = preProject
		Local.testsettings = Local.testsettings
		Squish.vsmdi = Squish.vsmdi
		TraceAndTestImpact.testsettings = TraceAndTestImpact.testsettings
	EndProjectSection
EndProject
Global
	GlobalSection(TestCaseManagementSettings) = postSolution
		CategoryFile = Squish.vsmdi
	EndGlobalSection
	GlobalSection(SolutionConfigurationPlatforms) = preSolution
		Debug|Any CPU = Debug|Any CPU
		Release|Any CPU = Release|Any CPU
	EndGlobalSection
	GlobalSection(ProjectConfigurationPlatforms) = postSolution
		{5617B119-1FCC-4A3B-92FB-04A98C806A7D}.Debug|Any CPU.ActiveCfg = Debug|Any CPU
		{5617B119-1FCC-4A3B-92FB-04A98C806A7D}.Debug|Any CPU.Build.0 = Debug|Any CPU
		{5617B119-1FCC-4A3B-92FB-04A98C806A7D}.Release|Any CPU.ActiveCfg = Release|Any CPU
		{5617B119-1FCC-4A3B-92FB-04A98C806A7D}.Release|Any CPU.Build.0 = Release|Any CPU
		{8A140CEB-A07C-4F6F-BF9F-DED32F5E1540}.Debug|Any CPU.ActiveCfg = Debug|Any CPU
		{8A140CEB-A07C-4F6F-BF9F-DED32F5E1540}.Debug|Any CPU.Build.0 = Debug|Any CPU
		{8A140CEB-A07C-4F6F-BF9F-DED32F5E1540}.Release|Any CPU.ActiveCfg = Release|Any CPU
		{8A140CEB-A07C-4F6F-BF9F-DED32F5E1540}.Release|Any CPU.Build.0 = Release|Any CPU
	EndGlobalSection
	GlobalSection(SolutionProperties) = preSolution
		HideSolutionNode = FALSE
	EndGlobalSection
EndGlobal
